
Microsoft Visual Studio Solution File, Format Version 12.00
# Visual Studio 14
VisualStudioVersion = 14.0.25420.1
MinimumVisualStudioVersion = 10.0.40219.1
Project("{8BC9CEB8-8B4A-11D0-8D11-00A0C91BC942}") = "Shark Cage", "Shark Cage\Shark Cage.vcxproj", "{8493FADB-8AF1-45B6-9378-D4140C9D6820}"
EndProject
Project("{8BC9CEB8-8B4A-11D0-8D11-00A0C91BC942}") = "Cage service", "Cage service\Cage service.vcxproj", "{569449B5-18D8-43F0-A6A0-7E754EFEBC25}"
EndProject
Project("{8BC9CEB8-8B4A-11D0-8D11-00A0C91BC942}") = "CageManager", "CageManager\CageManager.vcxproj", "{335335E8-CBFA-458A-BD07-04E22CCC07F9}"
EndProject
Project("{8BC9CEB8-8B4A-11D0-8D11-00A0C91BC942}") = "StarterCMD", "StarterCMD\StarterCMD.vcxproj", "{B0B048BC-401F-4ECE-AE4E-D1E84BD21E6B}"
EndProject
Project("{FAE04EC0-301F-11D3-BF4B-00C04F79EFBC}") = "WindowsFormsApplication1", "WindowsFormsApplication1\WindowsFormsApplication1.csproj", "{5DCC9AE6-CB50-4B4A-B3D8-78C6D2466362}"
EndProject
Global
	GlobalSection(SolutionConfigurationPlatforms) = preSolution
		Debug|Any CPU = Debug|Any CPU
		Debug|x64 = Debug|x64
		Debug|x86 = Debug|x86
		Release|Any CPU = Release|Any CPU
		Release|x64 = Release|x64
		Release|x86 = Release|x86
	EndGlobalSection
	GlobalSection(ProjectConfigurationPlatforms) = postSolution
		{8493FADB-8AF1-45B6-9378-D4140C9D6820}.Debug|Any CPU.ActiveCfg = Debug|Win32
		{8493FADB-8AF1-45B6-9378-D4140C9D6820}.Debug|x64.ActiveCfg = Debug|x64
		{8493FADB-8AF1-45B6-9378-D4140C9D6820}.Debug|x64.Build.0 = Debug|x64
		{8493FADB-8AF1-45B6-9378-D4140C9D6820}.Debug|x86.ActiveCfg = Debug|Win32
		{8493FADB-8AF1-45B6-9378-D4140C9D6820}.Debug|x86.Build.0 = Debug|Win32
		{8493FADB-8AF1-45B6-9378-D4140C9D6820}.Release|Any CPU.ActiveCfg = Release|Win32
		{8493FADB-8AF1-45B6-9378-D4140C9D6820}.Release|x64.ActiveCfg = Release|x64
		{8493FADB-8AF1-45B6-9378-D4140C9D6820}.Release|x64.Build.0 = Release|x64
		{8493FADB-8AF1-45B6-9378-D4140C9D6820}.Release|x86.ActiveCfg = Release|Win32
		{8493FADB-8AF1-45B6-9378-D4140C9D6820}.Release|x86.Build.0 = Release|Win32
		{569449B5-18D8-43F0-A6A0-7E754EFEBC25}.Debug|Any CPU.ActiveCfg = Debug|Win32
		{569449B5-18D8-43F0-A6A0-7E754EFEBC25}.Debug|x64.ActiveCfg = Debug|x64
		{569449B5-18D8-43F0-A6A0-7E754EFEBC25}.Debug|x64.Build.0 = Debug|x64
		{569449B5-18D8-43F0-A6A0-7E754EFEBC25}.Debug|x86.ActiveCfg = Debug|Win32
		{569449B5-18D8-43F0-A6A0-7E754EFEBC25}.Debug|x86.Build.0 = Debug|Win32
		{569449B5-18D8-43F0-A6A0-7E754EFEBC25}.Release|Any CPU.ActiveCfg = Release|Win32
		{569449B5-18D8-43F0-A6A0-7E754EFEBC25}.Release|x64.ActiveCfg = Release|x64
		{569449B5-18D8-43F0-A6A0-7E754EFEBC25}.Release|x64.Build.0 = Release|x64
		{569449B5-18D8-43F0-A6A0-7E754EFEBC25}.Release|x86.ActiveCfg = Release|Win32
		{569449B5-18D8-43F0-A6A0-7E754EFEBC25}.Release|x86.Build.0 = Release|Win32
		{335335E8-CBFA-458A-BD07-04E22CCC07F9}.Debug|Any CPU.ActiveCfg = Debug|Win32
		{335335E8-CBFA-458A-BD07-04E22CCC07F9}.Debug|x64.ActiveCfg = Debug|x64
		{335335E8-CBFA-458A-BD07-04E22CCC07F9}.Debug|x64.Build.0 = Debug|x64
		{335335E8-CBFA-458A-BD07-04E22CCC07F9}.Debug|x86.ActiveCfg = Debug|Win32
		{335335E8-CBFA-458A-BD07-04E22CCC07F9}.Debug|x86.Build.0 = Debug|Win32
		{335335E8-CBFA-458A-BD07-04E22CCC07F9}.Release|Any CPU.ActiveCfg = Release|Win32
		{335335E8-CBFA-458A-BD07-04E22CCC07F9}.Release|x64.ActiveCfg = Release|x64
		{335335E8-CBFA-458A-BD07-04E22CCC07F9}.Release|x64.Build.0 = Release|x64
		{335335E8-CBFA-458A-BD07-04E22CCC07F9}.Release|x86.ActiveCfg = Release|Win32
		{335335E8-CBFA-458A-BD07-04E22CCC07F9}.Release|x86.Build.0 = Release|Win32
		{B0B048BC-401F-4ECE-AE4E-D1E84BD21E6B}.Debug|Any CPU.ActiveCfg = Debug|Win32
		{B0B048BC-401F-4ECE-AE4E-D1E84BD21E6B}.Debug|x64.ActiveCfg = Debug|x64
		{B0B048BC-401F-4ECE-AE4E-D1E84BD21E6B}.Debug|x64.Build.0 = Debug|x64
		{B0B048BC-401F-4ECE-AE4E-D1E84BD21E6B}.Debug|x86.ActiveCfg = Debug|Win32
		{B0B048BC-401F-4ECE-AE4E-D1E84BD21E6B}.Debug|x86.Build.0 = Debug|Win32
		{B0B048BC-401F-4ECE-AE4E-D1E84BD21E6B}.Release|Any CPU.ActiveCfg = Release|Win32
		{B0B048BC-401F-4ECE-AE4E-D1E84BD21E6B}.Release|x64.ActiveCfg = Release|x64
		{B0B048BC-401F-4ECE-AE4E-D1E84BD21E6B}.Release|x64.Build.0 = Release|x64
		{B0B048BC-401F-4ECE-AE4E-D1E84BD21E6B}.Release|x86.ActiveCfg = Release|Win32
		{B0B048BC-401F-4ECE-AE4E-D1E84BD21E6B}.Release|x86.Build.0 = Release|Win32
		{5DCC9AE6-CB50-4B4A-B3D8-78C6D2466362}.Debug|Any CPU.ActiveCfg = Debug|Any CPU
		{5DCC9AE6-CB50-4B4A-B3D8-78C6D2466362}.Debug|Any CPU.Build.0 = Debug|Any CPU
		{5DCC9AE6-CB50-4B4A-B3D8-78C6D2466362}.Debug|x64.ActiveCfg = Debug|Any CPU
		{5DCC9AE6-CB50-4B4A-B3D8-78C6D2466362}.Debug|x64.Build.0 = Debug|Any CPU
		{5DCC9AE6-CB50-4B4A-B3D8-78C6D2466362}.Debug|x86.ActiveCfg = Debug|Any CPU
		{5DCC9AE6-CB50-4B4A-B3D8-78C6D2466362}.Debug|x86.Build.0 = Debug|Any CPU
		{5DCC9AE6-CB50-4B4A-B3D8-78C6D2466362}.Release|Any CPU.ActiveCfg = Release|Any CPU
		{5DCC9AE6-CB50-4B4A-B3D8-78C6D2466362}.Release|Any CPU.Build.0 = Release|Any CPU
		{5DCC9AE6-CB50-4B4A-B3D8-78C6D2466362}.Release|x64.ActiveCfg = Release|Any CPU
		{5DCC9AE6-CB50-4B4A-B3D8-78C6D2466362}.Release|x64.Build.0 = Release|Any CPU
		{5DCC9AE6-CB50-4B4A-B3D8-78C6D2466362}.Release|x86.ActiveCfg = Release|Any CPU
		{5DCC9AE6-CB50-4B4A-B3D8-78C6D2466362}.Release|x86.Build.0 = Release|Any CPU
	EndGlobalSection
	GlobalSection(SolutionProperties) = preSolution
		HideSolutionNode = FALSE
	EndGlobalSection
EndGlobal
