
Microsoft Visual Studio Solution File, Format Version 12.00
# Visual Studio 2013
VisualStudioVersion = 12.0.21005.1
MinimumVisualStudioVersion = 10.0.40219.1
Project("{8BC9CEB8-8B4A-11D0-8D11-00A0C91BC942}") = "cage_service", "cage_service\cage_service.vcxproj", "{18187FE5-3F98-4F13-B22D-D8107863F6C1}"
EndProject
Project("{8BC9CEB8-8B4A-11D0-8D11-00A0C91BC942}") = "cage_manager", "cage_manager\cage_manager.vcxproj", "{B7F348D4-138A-4ADC-8E18-127022F37CD7}"
EndProject
Project("{8BC9CEB8-8B4A-11D0-8D11-00A0C91BC942}") = "cage_lib", "cage_lib\cage_lib.vcxproj", "{9E9A0617-CE51-4604-8F3F-086F23565873}"
EndProject
Project("{8BC9CEB8-8B4A-11D0-8D11-00A0C91BC942}") = "cage_labeller", "cage_labeller\cage_labeller.vcxproj", "{5F647383-CE6A-44D0-B3AA-5C0A52F2AE44}"
	ProjectSection(ProjectDependencies) = postProject
		{9E9A0617-CE51-4604-8F3F-086F23565873} = {9E9A0617-CE51-4604-8F3F-086F23565873}
	EndProjectSection
EndProject
Project("{8BC9CEB8-8B4A-11D0-8D11-00A0C91BC942}") = "desktopswitcher", "desktopswitcher\desktopswitcher.vcxproj", "{127F2D88-2A93-48E0-B546-821EFFB984A7}"
	ProjectSection(ProjectDependencies) = postProject
		{9E9A0617-CE51-4604-8F3F-086F23565873} = {9E9A0617-CE51-4604-8F3F-086F23565873}
	EndProjectSection
EndProject
Global
	GlobalSection(SolutionConfigurationPlatforms) = preSolution
		Debug|Win32 = Debug|Win32
		Release|Win32 = Release|Win32
	EndGlobalSection
	GlobalSection(ProjectConfigurationPlatforms) = postSolution
		{18187FE5-3F98-4F13-B22D-D8107863F6C1}.Debug|Win32.ActiveCfg = Debug|Win32
		{18187FE5-3F98-4F13-B22D-D8107863F6C1}.Debug|Win32.Build.0 = Debug|Win32
		{18187FE5-3F98-4F13-B22D-D8107863F6C1}.Debug|Win32.Deploy.0 = Debug|Win32
		{18187FE5-3F98-4F13-B22D-D8107863F6C1}.Release|Win32.ActiveCfg = Release|Win32
		{18187FE5-3F98-4F13-B22D-D8107863F6C1}.Release|Win32.Build.0 = Release|Win32
		{B7F348D4-138A-4ADC-8E18-127022F37CD7}.Debug|Win32.ActiveCfg = Debug|Win32
		{B7F348D4-138A-4ADC-8E18-127022F37CD7}.Debug|Win32.Build.0 = Debug|Win32
		{B7F348D4-138A-4ADC-8E18-127022F37CD7}.Debug|Win32.Deploy.0 = Debug|Win32
		{B7F348D4-138A-4ADC-8E18-127022F37CD7}.Release|Win32.ActiveCfg = Release|Win32
		{B7F348D4-138A-4ADC-8E18-127022F37CD7}.Release|Win32.Build.0 = Release|Win32
		{9E9A0617-CE51-4604-8F3F-086F23565873}.Debug|Win32.ActiveCfg = Debug|Win32
		{9E9A0617-CE51-4604-8F3F-086F23565873}.Debug|Win32.Build.0 = Debug|Win32
		{9E9A0617-CE51-4604-8F3F-086F23565873}.Release|Win32.ActiveCfg = Release|Win32
		{9E9A0617-CE51-4604-8F3F-086F23565873}.Release|Win32.Build.0 = Release|Win32
		{5F647383-CE6A-44D0-B3AA-5C0A52F2AE44}.Debug|Win32.ActiveCfg = Debug|Win32
		{5F647383-CE6A-44D0-B3AA-5C0A52F2AE44}.Debug|Win32.Build.0 = Debug|Win32
		{5F647383-CE6A-44D0-B3AA-5C0A52F2AE44}.Debug|Win32.Deploy.0 = Debug|Win32
		{5F647383-CE6A-44D0-B3AA-5C0A52F2AE44}.Release|Win32.ActiveCfg = Release|Win32
		{5F647383-CE6A-44D0-B3AA-5C0A52F2AE44}.Release|Win32.Build.0 = Release|Win32
		{127F2D88-2A93-48E0-B546-821EFFB984A7}.Debug|Win32.ActiveCfg = Debug|Win32
		{127F2D88-2A93-48E0-B546-821EFFB984A7}.Debug|Win32.Build.0 = Debug|Win32
		{127F2D88-2A93-48E0-B546-821EFFB984A7}.Debug|Win32.Deploy.0 = Debug|Win32
		{127F2D88-2A93-48E0-B546-821EFFB984A7}.Release|Win32.ActiveCfg = Release|Win32
		{127F2D88-2A93-48E0-B546-821EFFB984A7}.Release|Win32.Build.0 = Release|Win32
	EndGlobalSection
	GlobalSection(SolutionProperties) = preSolution
		HideSolutionNode = FALSE
	EndGlobalSection
EndGlobal
